
Microsoft Visual Studio Solution File, Format Version 12.00
# Visual Studio Version 17
VisualStudioVersion = 17.6.33829.357
MinimumVisualStudioVersion = 10.0.40219.1
Project("{FAE04EC0-301F-11D3-BF4B-00C04F79EFBC}") = "generatecoin", "generatecoin\generatecoin.csproj", "{DA1F5340-BE0F-4B5A-824A-7BBA4C8ED6B1}"
EndProject
Global
	GlobalSection(SolutionConfigurationPlatforms) = preSolution
		Debug|Any CPU = Debug|Any CPU
		Release|Any CPU = Release|Any CPU
	EndGlobalSection
	GlobalSection(ProjectConfigurationPlatforms) = postSolution
		{DA1F5340-BE0F-4B5A-824A-7BBA4C8ED6B1}.Debug|Any CPU.ActiveCfg = Debug|Any CPU
		{DA1F5340-BE0F-4B5A-824A-7BBA4C8ED6B1}.Debug|Any CPU.Build.0 = Debug|Any CPU
		{DA1F5340-BE0F-4B5A-824A-7BBA4C8ED6B1}.Release|Any CPU.ActiveCfg = Release|Any CPU
		{DA1F5340-BE0F-4B5A-824A-7BBA4C8ED6B1}.Release|Any CPU.Build.0 = Release|Any CPU
	EndGlobalSection
	GlobalSection(SolutionProperties) = preSolution
		HideSolutionNode = FALSE
	EndGlobalSection
	GlobalSection(ExtensibilityGlobals) = postSolution
		SolutionGuid = {5896DB68-ADAF-4A72-A37E-B397AF6F12CF}
	EndGlobalSection
EndGlobal
